
Microsoft Visual Studio Solution File, Format Version 12.00
# Visual Studio Version 17
VisualStudioVersion = 17.3.32721.290
MinimumVisualStudioVersion = 10.0.40219.1
Project("{FAE04EC0-301F-11D3-BF4B-00C04F79EFBC}") = "WebDbG1", "WebDbG1.csproj", "{6A66603E-7E3A-4E61-8B11-BB123333FE37}"
EndProject
Global
	GlobalSection(SolutionConfigurationPlatforms) = preSolution
		Debug|Any CPU = Debug|Any CPU
		Release|Any CPU = Release|Any CPU
	EndGlobalSection
	GlobalSection(ProjectConfigurationPlatforms) = postSolution
		{6A66603E-7E3A-4E61-8B11-BB123333FE37}.Debug|Any CPU.ActiveCfg = Debug|Any CPU
		{6A66603E-7E3A-4E61-8B11-BB123333FE37}.Debug|Any CPU.Build.0 = Debug|Any CPU
		{6A66603E-7E3A-4E61-8B11-BB123333FE37}.Release|Any CPU.ActiveCfg = Release|Any CPU
		{6A66603E-7E3A-4E61-8B11-BB123333FE37}.Release|Any CPU.Build.0 = Release|Any CPU
	EndGlobalSection
	GlobalSection(SolutionProperties) = preSolution
		HideSolutionNode = FALSE
	EndGlobalSection
	GlobalSection(ExtensibilityGlobals) = postSolution
		SolutionGuid = {859C6985-6CF7-4933-985F-9A96DB3748E3}
	EndGlobalSection
EndGlobal
